
Microsoft Visual Studio Solution File, Format Version 12.00
# Visual Studio 15
VisualStudioVersion = 15.0.27130.2036
MinimumVisualStudioVersion = 10.0.40219.1
Project("{FAE04EC0-301F-11D3-BF4B-00C04F79EFBC}") = "ApplicationPatcher.Core", "ApplicationPatcher.Core\ApplicationPatcher.Core.csproj", "{178AFABF-E92C-4BE8-BC58-F57099FB3BE3}"
EndProject
Project("{FAE04EC0-301F-11D3-BF4B-00C04F79EFBC}") = "ApplicationPatcher.Self", "ApplicationPatcher.Self\ApplicationPatcher.Self.csproj", "{E0FAA20D-40D2-4588-92EA-59BA3F5A7ED1}"
EndProject
Global
	GlobalSection(SolutionConfigurationPlatforms) = preSolution
		Debug|Any CPU = Debug|Any CPU
		Release|Any CPU = Release|Any CPU
	EndGlobalSection
	GlobalSection(ProjectConfigurationPlatforms) = postSolution
		{178AFABF-E92C-4BE8-BC58-F57099FB3BE3}.Debug|Any CPU.ActiveCfg = Debug|Any CPU
		{178AFABF-E92C-4BE8-BC58-F57099FB3BE3}.Debug|Any CPU.Build.0 = Debug|Any CPU
		{178AFABF-E92C-4BE8-BC58-F57099FB3BE3}.Release|Any CPU.ActiveCfg = Release|Any CPU
		{178AFABF-E92C-4BE8-BC58-F57099FB3BE3}.Release|Any CPU.Build.0 = Release|Any CPU
		{E0FAA20D-40D2-4588-92EA-59BA3F5A7ED1}.Debug|Any CPU.ActiveCfg = Debug|Any CPU
		{E0FAA20D-40D2-4588-92EA-59BA3F5A7ED1}.Debug|Any CPU.Build.0 = Debug|Any CPU
		{E0FAA20D-40D2-4588-92EA-59BA3F5A7ED1}.Release|Any CPU.ActiveCfg = Release|Any CPU
		{E0FAA20D-40D2-4588-92EA-59BA3F5A7ED1}.Release|Any CPU.Build.0 = Release|Any CPU
	EndGlobalSection
	GlobalSection(SolutionProperties) = preSolution
		HideSolutionNode = FALSE
	EndGlobalSection
	GlobalSection(ExtensibilityGlobals) = postSolution
		SolutionGuid = {B06500C9-63EA-4C2A-8D72-D4AD4B240354}
	EndGlobalSection
EndGlobal
